
Microsoft Visual Studio Solution File, Format Version 12.00
# Visual Studio Version 16
VisualStudioVersion = 16.0.29905.134
MinimumVisualStudioVersion = 10.0.40219.1
Project("{FAE04EC0-301F-11D3-BF4B-00C04F79EFBC}") = "SacjaMedyczna", "SacjaMedyczna.csproj", "{CF5408DC-0B2F-41EB-BDE3-D9230ADF9BEC}"
EndProject
Global
	GlobalSection(SolutionConfigurationPlatforms) = preSolution
		Debug|Any CPU = Debug|Any CPU
		Release|Any CPU = Release|Any CPU
	EndGlobalSection
	GlobalSection(ProjectConfigurationPlatforms) = postSolution
		{CF5408DC-0B2F-41EB-BDE3-D9230ADF9BEC}.Debug|Any CPU.ActiveCfg = Debug|Any CPU
		{CF5408DC-0B2F-41EB-BDE3-D9230ADF9BEC}.Debug|Any CPU.Build.0 = Debug|Any CPU
		{CF5408DC-0B2F-41EB-BDE3-D9230ADF9BEC}.Release|Any CPU.ActiveCfg = Release|Any CPU
		{CF5408DC-0B2F-41EB-BDE3-D9230ADF9BEC}.Release|Any CPU.Build.0 = Release|Any CPU
	EndGlobalSection
	GlobalSection(SolutionProperties) = preSolution
		HideSolutionNode = FALSE
	EndGlobalSection
	GlobalSection(ExtensibilityGlobals) = postSolution
		SolutionGuid = {3251BD97-30F1-4A4F-9DD0-23A4678B67BB}
	EndGlobalSection
EndGlobal
